// !$*UTF8*$!
{
	archiveVersion = 1;
	classes = {
	};
	objectVersion = 77;
	objects = {

/* Begin PBXBuildFile section */
		A5F0C0032F9A1B2C00A1B2C3 /* MarkdownUI in Frameworks */ = {isa = PBXBuildFile; productRef = A5F0C0022F9A1B2C00A1B2C3 /* MarkdownUI */; };
/* End PBXBuildFile section */

/* Begin PBXContainerItemProxy section */
		A51197E02F1DE77D00DA1911 /* PBXContainerItemProxy */ = {
			isa = PBXContainerItemProxy;
			containerPortal = A51197C82F1DE77C00DA1911 /* Project object */;
			proxyType = 1;
			remoteGlobalIDString = A51197CF2F1DE77C00DA1911;
			remoteInfo = Motive;
		};
		A51197EA2F1DE77D00DA1911 /* PBXContainerItemProxy */ = {
			isa = PBXContainerItemProxy;
			containerPortal = A51197C82F1DE77C00DA1911 /* Project object */;
			proxyType = 1;
			remoteGlobalIDString = A51197CF2F1DE77C00DA1911;
			remoteInfo = Motive;
		};
/* End PBXContainerItemProxy section */

/* Begin PBXFileReference section */
		A51197D02F1DE77C00DA1911 /* Motive.app */ = {isa = PBXFileReference; explicitFileType = wrapper.application; includeInIndex = 0; path = Motive.app; sourceTree = BUILT_PRODUCTS_DIR; };
		A51197DF2F1DE77D00DA1911 /* MotiveTests.xctest */ = {isa = PBXFileReference; explicitFileType = wrapper.cfbundle; includeInIndex = 0; path = MotiveTests.xctest; sourceTree = BUILT_PRODUCTS_DIR; };
		A51197E92F1DE77D00DA1911 /* MotiveUITests.xctest */ = {isa = PBXFileReference; explicitFileType = wrapper.cfbundle; includeInIndex = 0; path = MotiveUITests.xctest; sourceTree = BUILT_PRODUCTS_DIR; };
/* End PBXFileReference section */

/* Begin PBXFileSystemSynchronizedRootGroup section */
		A51197D22F1DE77C00DA1911 /* Motive */ = {
			isa = PBXFileSystemSynchronizedRootGroup;
			path = Motive;
			sourceTree = "<group>";
		};
		A51197E22F1DE77D00DA1911 /* MotiveTests */ = {
			isa = PBXFileSystemSynchronizedRootGroup;
			path = MotiveTests;
			sourceTree = "<group>";
		};
		A51197EC2F1DE77D00DA1911 /* MotiveUITests */ = {
			isa = PBXFileSystemSynchronizedRootGroup;
			path = MotiveUITests;
			sourceTree = "<group>";
		};
/* End PBXFileSystemSynchronizedRootGroup section */

/* Begin PBXFrameworksBuildPhase section */
		A51197CD2F1DE77C00DA1911 /* Frameworks */ = {
			isa = PBXFrameworksBuildPhase;
			buildActionMask = 2147483647;
			files = (
				A5F0C0032F9A1B2C00A1B2C3 /* MarkdownUI in Frameworks */,
			);
			runOnlyForDeploymentPostprocessing = 0;
		};
		A51197DC2F1DE77D00DA1911 /* Frameworks */ = {
			isa = PBXFrameworksBuildPhase;
			buildActionMask = 2147483647;
			files = (
			);
			runOnlyForDeploymentPostprocessing = 0;
		};
		A51197E62F1DE77D00DA1911 /* Frameworks */ = {
			isa = PBXFrameworksBuildPhase;
			buildActionMask = 2147483647;
			files = (
			);
			runOnlyForDeploymentPostprocessing = 0;
		};
/* End PBXFrameworksBuildPhase section */

/* Begin PBXGroup section */
		A51197C72F1DE77C00DA1911 = {
			isa = PBXGroup;
			children = (
				A51197D22F1DE77C00DA1911 /* Motive */,
				A51197E22F1DE77D00DA1911 /* MotiveTests */,
				A51197EC2F1DE77D00DA1911 /* MotiveUITests */,
				A51197D12F1DE77C00DA1911 /* Products */,
			);
			sourceTree = "<group>";
		};
		A51197D12F1DE77C00DA1911 /* Products */ = {
			isa = PBXGroup;
			children = (
				A51197D02F1DE77C00DA1911 /* Motive.app */,
				A51197DF2F1DE77D00DA1911 /* MotiveTests.xctest */,
				A51197E92F1DE77D00DA1911 /* MotiveUITests.xctest */,
			);
			name = Products;
			sourceTree = "<group>";
		};
/* End PBXGroup section */

/* Begin PBXNativeTarget section */
		A51197CF2F1DE77C00DA1911 /* Motive */ = {
			isa = PBXNativeTarget;
			buildConfigurationList = A51197F32F1DE77D00DA1911 /* Build configuration list for PBXNativeTarget "Motive" */;
			buildPhases = (
				A51197CC2F1DE77C00DA1911 /* Sources */,
				A51197CD2F1DE77C00DA1911 /* Frameworks */,
				A51197CE2F1DE77C00DA1911 /* Resources */,
				A5E0B1A12F1F000100DA1911 /* ShellScript */,
			);
			buildRules = (
			);
			dependencies = (
			);
			fileSystemSynchronizedGroups = (
				A51197D22F1DE77C00DA1911 /* Motive */,
			);
			name = Motive;
			packageProductDependencies = (
				A5F0C0022F9A1B2C00A1B2C3 /* MarkdownUI */,
			);
			productName = Motive;
			productReference = A51197D02F1DE77C00DA1911 /* Motive.app */;
			productType = "com.apple.product-type.application";
		};
		A51197DE2F1DE77D00DA1911 /* MotiveTests */ = {
			isa = PBXNativeTarget;
			buildConfigurationList = A51197F62F1DE77D00DA1911 /* Build configuration list for PBXNativeTarget "MotiveTests" */;
			buildPhases = (
				A51197DB2F1DE77D00DA1911 /* Sources */,
				A51197DC2F1DE77D00DA1911 /* Frameworks */,
				A51197DD2F1DE77D00DA1911 /* Resources */,
			);
			buildRules = (
			);
			dependencies = (
				A51197E12F1DE77D00DA1911 /* PBXTargetDependency */,
			);
			fileSystemSynchronizedGroups = (
				A51197E22F1DE77D00DA1911 /* MotiveTests */,
			);
			name = MotiveTests;
			packageProductDependencies = (
			);
			productName = MotiveTests;
			productReference = A51197DF2F1DE77D00DA1911 /* MotiveTests.xctest */;
			productType = "com.apple.product-type.bundle.unit-test";
		};
		A51197E82F1DE77D00DA1911 /* MotiveUITests */ = {
			isa = PBXNativeTarget;
			buildConfigurationList = A51197F92F1DE77D00DA1911 /* Build configuration list for PBXNativeTarget "MotiveUITests" */;
			buildPhases = (
				A51197E52F1DE77D00DA1911 /* Sources */,
				A51197E62F1DE77D00DA1911 /* Frameworks */,
				A51197E72F1DE77D00DA1911 /* Resources */,
			);
			buildRules = (
			);
			dependencies = (
				A51197EB2F1DE77D00DA1911 /* PBXTargetDependency */,
			);
			fileSystemSynchronizedGroups = (
				A51197EC2F1DE77D00DA1911 /* MotiveUITests */,
			);
			name = MotiveUITests;
			packageProductDependencies = (
			);
			productName = MotiveUITests;
			productReference = A51197E92F1DE77D00DA1911 /* MotiveUITests.xctest */;
			productType = "com.apple.product-type.bundle.ui-testing";
		};
/* End PBXNativeTarget section */

/* Begin PBXProject section */
		A51197C82F1DE77C00DA1911 /* Project object */ = {
			isa = PBXProject;
			attributes = {
				BuildIndependentTargetsInParallel = 1;
				LastSwiftUpdateCheck = 2620;
				LastUpgradeCheck = 2620;
				TargetAttributes = {
					A51197CF2F1DE77C00DA1911 = {
						CreatedOnToolsVersion = 26.2;
					};
					A51197DE2F1DE77D00DA1911 = {
						CreatedOnToolsVersion = 26.2;
						TestTargetID = A51197CF2F1DE77C00DA1911;
					};
					A51197E82F1DE77D00DA1911 = {
						CreatedOnToolsVersion = 26.2;
						TestTargetID = A51197CF2F1DE77C00DA1911;
					};
				};
			};
			buildConfigurationList = A51197CB2F1DE77C00DA1911 /* Build configuration list for PBXProject "Motive" */;
			developmentRegion = en;
			hasScannedForEncodings = 0;
			knownRegions = (
				en,
				Base,
				"zh-Hans",
				ja,
			);
			mainGroup = A51197C72F1DE77C00DA1911;
			minimizedProjectReferenceProxies = 1;
			packageReferences = (
				A5F0C0012F9A1B2C00A1B2C3 /* XCRemoteSwiftPackageReference "swift-markdown-ui" */,
			);
			preferredProjectObjectVersion = 77;
			productRefGroup = A51197D12F1DE77C00DA1911 /* Products */;
			projectDirPath = "";
			projectRoot = "";
			targets = (
				A51197CF2F1DE77C00DA1911 /* Motive */,
				A51197DE2F1DE77D00DA1911 /* MotiveTests */,
				A51197E82F1DE77D00DA1911 /* MotiveUITests */,
			);
		};
/* End PBXProject section */

/* Begin PBXResourcesBuildPhase section */
		A51197CE2F1DE77C00DA1911 /* Resources */ = {
			isa = PBXResourcesBuildPhase;
			buildActionMask = 2147483647;
			files = (
			);
			runOnlyForDeploymentPostprocessing = 0;
		};
		A51197DD2F1DE77D00DA1911 /* Resources */ = {
			isa = PBXResourcesBuildPhase;
			buildActionMask = 2147483647;
			files = (
			);
			runOnlyForDeploymentPostprocessing = 0;
		};
		A51197E72F1DE77D00DA1911 /* Resources */ = {
			isa = PBXResourcesBuildPhase;
			buildActionMask = 2147483647;
			files = (
			);
			runOnlyForDeploymentPostprocessing = 0;
		};
/* End PBXResourcesBuildPhase section */

/* Begin PBXShellScriptBuildPhase section */
		A5E0B1A12F1F000100DA1911 /* ShellScript */ = {
			isa = PBXShellScriptBuildPhase;
			buildActionMask = 2147483647;
			files = (
			);
			inputFileListPaths = (
			);
			inputPaths = (
				"$(PROJECT_DIR)/Scripts/copy-opencode.sh",
				"$(PROJECT_DIR)/build/opencode-staged",
				"$(PROJECT_DIR)/Motive/Resources/Plugins/motive-memory/package.json",
				"$(PROJECT_DIR)/Motive/Resources/Plugins/motive-memory/src/index.ts",
				"$(PROJECT_DIR)/Motive/Resources/Plugins/motive-memory/src/tooling.ts",
				"$(PROJECT_DIR)/Motive/Resources/Plugins/motive-memory/src/runtime.ts",
				"$(PROJECT_DIR)/Motive/Resources/Plugins/motive-memory/src/search.ts",
				"$(PROJECT_DIR)/Motive/Resources/Plugins/motive-memory/src/get.ts",
				"$(PROJECT_DIR)/Motive/Resources/Plugins/motive-memory/src/write.ts",
			);
			outputFileListPaths = (
			);
			outputPaths = (
				"$(BUILT_PRODUCTS_DIR)/$(CONTENTS_FOLDER_PATH)/opencode",
				"$(BUILT_PRODUCTS_DIR)/$(CONTENTS_FOLDER_PATH)/Resources/Plugins/motive-memory/package.json",
				"$(BUILT_PRODUCTS_DIR)/$(CONTENTS_FOLDER_PATH)/Resources/Plugins/motive-memory/src/index.ts",
				"$(BUILT_PRODUCTS_DIR)/$(CONTENTS_FOLDER_PATH)/Resources/Plugins/motive-memory/src/tooling.ts",
				"$(BUILT_PRODUCTS_DIR)/$(CONTENTS_FOLDER_PATH)/Resources/Plugins/motive-memory/src/runtime.ts",
				"$(BUILT_PRODUCTS_DIR)/$(CONTENTS_FOLDER_PATH)/Resources/Plugins/motive-memory/src/search.ts",
				"$(BUILT_PRODUCTS_DIR)/$(CONTENTS_FOLDER_PATH)/Resources/Plugins/motive-memory/src/get.ts",
				"$(BUILT_PRODUCTS_DIR)/$(CONTENTS_FOLDER_PATH)/Resources/Plugins/motive-memory/src/write.ts",
			);
			runOnlyForDeploymentPostprocessing = 0;
			shellPath = /bin/sh;
			shellScript = "/bin/sh \"${PROJECT_DIR}/Scripts/copy-opencode.sh\"";
		};
/* End PBXShellScriptBuildPhase section */

/* Begin PBXSourcesBuildPhase section */
		A51197CC2F1DE77C00DA1911 /* Sources */ = {
			isa = PBXSourcesBuildPhase;
			buildActionMask = 2147483647;
			files = (
			);
			runOnlyForDeploymentPostprocessing = 0;
		};
		A51197DB2F1DE77D00DA1911 /* Sources */ = {
			isa = PBXSourcesBuildPhase;
			buildActionMask = 2147483647;
			files = (
			);
			runOnlyForDeploymentPostprocessing = 0;
		};
		A51197E52F1DE77D00DA1911 /* Sources */ = {
			isa = PBXSourcesBuildPhase;
			buildActionMask = 2147483647;
			files = (
			);
			runOnlyForDeploymentPostprocessing = 0;
		};
/* End PBXSourcesBuildPhase section */

/* Begin PBXTargetDependency section */
		A51197E12F1DE77D00DA1911 /* PBXTargetDependency */ = {
			isa = PBXTargetDependency;
			target = A51197CF2F1DE77C00DA1911 /* Motive */;
			targetProxy = A51197E02F1DE77D00DA1911 /* PBXContainerItemProxy */;
		};
		A51197EB2F1DE77D00DA1911 /* PBXTargetDependency */ = {
			isa = PBXTargetDependency;
			target = A51197CF2F1DE77C00DA1911 /* Motive */;
			targetProxy = A51197EA2F1DE77D00DA1911 /* PBXContainerItemProxy */;
		};
/* End PBXTargetDependency section */

/* Begin XCBuildConfiguration section */
		A51197F12F1DE77D00DA1911 /* Debug */ = {
			isa = XCBuildConfiguration;
			buildSettings = {
				ALWAYS_SEARCH_USER_PATHS = NO;
				ASSETCATALOG_COMPILER_GENERATE_SWIFT_ASSET_SYMBOL_EXTENSIONS = YES;
				CLANG_ANALYZER_NONNULL = YES;
				CLANG_ANALYZER_NUMBER_OBJECT_CONVERSION = YES_AGGRESSIVE;
				CLANG_CXX_LANGUAGE_STANDARD = "gnu++20";
				CLANG_ENABLE_MODULES = YES;
				CLANG_ENABLE_OBJC_ARC = YES;
				CLANG_ENABLE_OBJC_WEAK = YES;
				CLANG_WARN_BLOCK_CAPTURE_AUTORELEASING = YES;
				CLANG_WARN_BOOL_CONVERSION = YES;
				CLANG_WARN_COMMA = YES;
				CLANG_WARN_CONSTANT_CONVERSION = YES;
				CLANG_WARN_DEPRECATED_OBJC_IMPLEMENTATIONS = YES;
				CLANG_WARN_DIRECT_OBJC_ISA_USAGE = YES_ERROR;
				CLANG_WARN_DOCUMENTATION_COMMENTS = YES;
				CLANG_WARN_EMPTY_BODY = YES;
				CLANG_WARN_ENUM_CONVERSION = YES;
				CLANG_WARN_INFINITE_RECURSION = YES;
				CLANG_WARN_INT_CONVERSION = YES;
				CLANG_WARN_NON_LITERAL_NULL_CONVERSION = YES;
				CLANG_WARN_OBJC_IMPLICIT_RETAIN_SELF = YES;
				CLANG_WARN_OBJC_LITERAL_CONVERSION = YES;
				CLANG_WARN_OBJC_ROOT_CLASS = YES_ERROR;
				CLANG_WARN_QUOTED_INCLUDE_IN_FRAMEWORK_HEADER = YES;
				CLANG_WARN_RANGE_LOOP_ANALYSIS = YES;
				CLANG_WARN_STRICT_PROTOTYPES = YES;
				CLANG_WARN_SUSPICIOUS_MOVE = YES;
				CLANG_WARN_UNGUARDED_AVAILABILITY = YES_AGGRESSIVE;
				CLANG_WARN_UNREACHABLE_CODE = YES;
				CLANG_WARN__DUPLICATE_METHOD_MATCH = YES;
				COPY_PHASE_STRIP = NO;
				DEBUG_INFORMATION_FORMAT = dwarf;
				ENABLE_STRICT_OBJC_MSGSEND = YES;
				ENABLE_TESTABILITY = YES;
				ENABLE_USER_SCRIPT_SANDBOXING = YES;
				GCC_C_LANGUAGE_STANDARD = gnu17;
				GCC_DYNAMIC_NO_PIC = NO;
				GCC_NO_COMMON_BLOCKS = YES;
				GCC_OPTIMIZATION_LEVEL = 0;
				GCC_PREPROCESSOR_DEFINITIONS = (
					"DEBUG=1",
					"$(inherited)",
				);
				GCC_WARN_64_TO_32_BIT_CONVERSION = YES;
				GCC_WARN_ABOUT_RETURN_TYPE = YES_ERROR;
				GCC_WARN_UNDECLARED_SELECTOR = YES;
				GCC_WARN_UNINITIALIZED_AUTOS = YES_AGGRESSIVE;
				GCC_WARN_UNUSED_FUNCTION = YES;
				GCC_WARN_UNUSED_VARIABLE = YES;
				LOCALIZATION_PREFERS_STRING_CATALOGS = YES;
				MACOSX_DEPLOYMENT_TARGET = 15.0;
				MTL_ENABLE_DEBUG_INFO = INCLUDE_SOURCE;
				MTL_FAST_MATH = YES;
				ONLY_ACTIVE_ARCH = YES;
				SDKROOT = macosx;
				SWIFT_ACTIVE_COMPILATION_CONDITIONS = "DEBUG $(inherited)";
				SWIFT_OPTIMIZATION_LEVEL = "-Onone";
			};
			name = Debug;
		};
		A51197F22F1DE77D00DA1911 /* Release */ = {
			isa = XCBuildConfiguration;
			buildSettings = {
				ALWAYS_SEARCH_USER_PATHS = NO;
				ASSETCATALOG_COMPILER_GENERATE_SWIFT_ASSET_SYMBOL_EXTENSIONS = YES;
				CLANG_ANALYZER_NONNULL = YES;
				CLANG_ANALYZER_NUMBER_OBJECT_CONVERSION = YES_AGGRESSIVE;
				CLANG_CXX_LANGUAGE_STANDARD = "gnu++20";
				CLANG_ENABLE_MODULES = YES;
				CLANG_ENABLE_OBJC_ARC = YES;
				CLANG_ENABLE_OBJC_WEAK = YES;
				CLANG_WARN_BLOCK_CAPTURE_AUTORELEASING = YES;
				CLANG_WARN_BOOL_CONVERSION = YES;
				CLANG_WARN_COMMA = YES;
				CLANG_WARN_CONSTANT_CONVERSION = YES;
				CLANG_WARN_DEPRECATED_OBJC_IMPLEMENTATIONS = YES;
				CLANG_WARN_DIRECT_OBJC_ISA_USAGE = YES_ERROR;
				CLANG_WARN_DOCUMENTATION_COMMENTS = YES;
				CLANG_WARN_EMPTY_BODY = YES;
				CLANG_WARN_ENUM_CONVERSION = YES;
				CLANG_WARN_INFINITE_RECURSION = YES;
				CLANG_WARN_INT_CONVERSION = YES;
				CLANG_WARN_NON_LITERAL_NULL_CONVERSION = YES;
				CLANG_WARN_OBJC_IMPLICIT_RETAIN_SELF = YES;
				CLANG_WARN_OBJC_LITERAL_CONVERSION = YES;
				CLANG_WARN_OBJC_ROOT_CLASS = YES_ERROR;
				CLANG_WARN_QUOTED_INCLUDE_IN_FRAMEWORK_HEADER = YES;
				CLANG_WARN_RANGE_LOOP_ANALYSIS = YES;
				CLANG_WARN_STRICT_PROTOTYPES = YES;
				CLANG_WARN_SUSPICIOUS_MOVE = YES;
				CLANG_WARN_UNGUARDED_AVAILABILITY = YES_AGGRESSIVE;
				CLANG_WARN_UNREACHABLE_CODE = YES;
				CLANG_WARN__DUPLICATE_METHOD_MATCH = YES;
				COPY_PHASE_STRIP = NO;
				DEBUG_INFORMATION_FORMAT = "dwarf-with-dsym";
				ENABLE_NS_ASSERTIONS = NO;
				ENABLE_STRICT_OBJC_MSGSEND = YES;
				ENABLE_USER_SCRIPT_SANDBOXING = YES;
				GCC_C_LANGUAGE_STANDARD = gnu17;
				GCC_NO_COMMON_BLOCKS = YES;
				GCC_WARN_64_TO_32_BIT_CONVERSION = YES;
				GCC_WARN_ABOUT_RETURN_TYPE = YES_ERROR;
				GCC_WARN_UNDECLARED_SELECTOR = YES;
				GCC_WARN_UNINITIALIZED_AUTOS = YES_AGGRESSIVE;
				GCC_WARN_UNUSED_FUNCTION = YES;
				GCC_WARN_UNUSED_VARIABLE = YES;
				LOCALIZATION_PREFERS_STRING_CATALOGS = YES;
				MACOSX_DEPLOYMENT_TARGET = 15.0;
				MTL_ENABLE_DEBUG_INFO = NO;
				MTL_FAST_MATH = YES;
				SDKROOT = macosx;
				SWIFT_COMPILATION_MODE = wholemodule;
			};
			name = Release;
		};
		A51197F42F1DE77D00DA1911 /* Debug */ = {
			isa = XCBuildConfiguration;
			buildSettings = {
				ASSETCATALOG_COMPILER_APPICON_NAME = AppIcon;
				ASSETCATALOG_COMPILER_GLOBAL_ACCENT_COLOR_NAME = AccentColor;
				ASSETCATALOG_COMPILER_INCLUDE_ALL_APPICON_ASSETS = YES;
				CODE_SIGN_ENTITLEMENTS = Motive/Entitlements/MotiveDebug.entitlements;
				"CODE_SIGN_IDENTITY[sdk=macosx*]" = "Apple Development";
				CODE_SIGN_STYLE = Automatic;
				COMBINE_HIDPI_IMAGES = YES;
				CURRENT_PROJECT_VERSION = 1;
				DEVELOPMENT_TEAM = XAA75S2V8H;
				ENABLE_APP_SANDBOX = NO;
				ENABLE_PREVIEWS = YES;
				ENABLE_USER_SELECTED_FILES = readonly;
				GENERATE_INFOPLIST_FILE = YES;
				INFOPLIST_KEY_NSHumanReadableCopyright = "";
				LD_RUNPATH_SEARCH_PATHS = (
					"$(inherited)",
					"@executable_path/../Frameworks",
				);
				LIBRARY_SEARCH_PATHS = (
					"$(inherited)",
					"$(PROJECT_DIR)/Motive/Resources/browser-use-sidecar/_internal/cryptography/hazmat/bindings",
					"$(PROJECT_DIR)/Motive/Resources/browser-use-sidecar/_internal/jiter",
					"$(PROJECT_DIR)/Motive/Resources/browser-use-sidecar/_internal/PIL/.dylibs",
					"$(PROJECT_DIR)/Motive/Resources/browser-use-sidecar/_internal/pydantic_core",
					"$(PROJECT_DIR)/Motive/Resources/browser-use-sidecar/_internal/rpds",
					"$(PROJECT_DIR)/Motive/Resources/browser-use-sidecar/_internal",
				);
				MARKETING_VERSION = 0.11.3;
				PRODUCT_BUNDLE_IDENTIFIER = velvetai.Motive;
				PRODUCT_NAME = "$(TARGET_NAME)";
				REGISTER_APP_GROUPS = YES;
				STRING_CATALOG_GENERATE_SYMBOLS = YES;
				SWIFT_APPROACHABLE_CONCURRENCY = YES;
				SWIFT_DEFAULT_ACTOR_ISOLATION = MainActor;
				SWIFT_EMIT_LOC_STRINGS = YES;
				SWIFT_UPCOMING_FEATURE_MEMBER_IMPORT_VISIBILITY = YES;
				SWIFT_VERSION = 5.0;
			};
			name = Debug;
		};
		A51197F52F1DE77D00DA1911 /* Release */ = {
			isa = XCBuildConfiguration;
			buildSettings = {
				ASSETCATALOG_COMPILER_APPICON_NAME = AppIcon;
				ASSETCATALOG_COMPILER_GLOBAL_ACCENT_COLOR_NAME = AccentColor;
				ASSETCATALOG_COMPILER_INCLUDE_ALL_APPICON_ASSETS = YES;
				CODE_SIGN_ENTITLEMENTS = Motive/Entitlements/MotiveRelease.entitlements;
				"CODE_SIGN_IDENTITY[sdk=macosx*]" = "Apple Development";
				CODE_SIGN_STYLE = Automatic;
				COMBINE_HIDPI_IMAGES = YES;
				CURRENT_PROJECT_VERSION = 1;
				DEVELOPMENT_TEAM = XAA75S2V8H;
				ENABLE_APP_SANDBOX = NO;
				ENABLE_PREVIEWS = YES;
				ENABLE_USER_SELECTED_FILES = readonly;
				GENERATE_INFOPLIST_FILE = YES;
				INFOPLIST_KEY_NSHumanReadableCopyright = "";
				LD_RUNPATH_SEARCH_PATHS = (
					"$(inherited)",
					"@executable_path/../Frameworks",
				);
				LIBRARY_SEARCH_PATHS = (
					"$(inherited)",
					"$(PROJECT_DIR)/Motive/Resources/browser-use-sidecar/_internal/cryptography/hazmat/bindings",
					"$(PROJECT_DIR)/Motive/Resources/browser-use-sidecar/_internal/jiter",
					"$(PROJECT_DIR)/Motive/Resources/browser-use-sidecar/_internal/PIL/.dylibs",
					"$(PROJECT_DIR)/Motive/Resources/browser-use-sidecar/_internal/pydantic_core",
					"$(PROJECT_DIR)/Motive/Resources/browser-use-sidecar/_internal/rpds",
					"$(PROJECT_DIR)/Motive/Resources/browser-use-sidecar/_internal",
				);
				MARKETING_VERSION = 0.11.3;
				PRODUCT_BUNDLE_IDENTIFIER = velvetai.Motive;
				PRODUCT_NAME = "$(TARGET_NAME)";
				REGISTER_APP_GROUPS = YES;
				STRING_CATALOG_GENERATE_SYMBOLS = YES;
				SWIFT_APPROACHABLE_CONCURRENCY = YES;
				SWIFT_DEFAULT_ACTOR_ISOLATION = MainActor;
				SWIFT_EMIT_LOC_STRINGS = YES;
				SWIFT_UPCOMING_FEATURE_MEMBER_IMPORT_VISIBILITY = YES;
				SWIFT_VERSION = 5.0;
			};
			name = Release;
		};
		A51197F72F1DE77D00DA1911 /* Debug */ = {
			isa = XCBuildConfiguration;
			buildSettings = {
				BUNDLE_LOADER = "$(TEST_HOST)";
				CODE_SIGN_STYLE = Automatic;
				CURRENT_PROJECT_VERSION = 1;
				GENERATE_INFOPLIST_FILE = YES;
				MACOSX_DEPLOYMENT_TARGET = 15.0;
				MARKETING_VERSION = 0.11.3;
				PRODUCT_BUNDLE_IDENTIFIER = velvetai.MotiveTests;
				PRODUCT_NAME = "$(TARGET_NAME)";
				STRING_CATALOG_GENERATE_SYMBOLS = NO;
				SWIFT_APPROACHABLE_CONCURRENCY = YES;
				SWIFT_EMIT_LOC_STRINGS = NO;
				SWIFT_UPCOMING_FEATURE_MEMBER_IMPORT_VISIBILITY = YES;
				SWIFT_VERSION = 5.0;
				TEST_HOST = "$(BUILT_PRODUCTS_DIR)/Motive.app/$(BUNDLE_EXECUTABLE_FOLDER_PATH)/Motive";
			};
			name = Debug;
		};
		A51197F82F1DE77D00DA1911 /* Release */ = {
			isa = XCBuildConfiguration;
			buildSettings = {
				BUNDLE_LOADER = "$(TEST_HOST)";
				CODE_SIGN_STYLE = Automatic;
				CURRENT_PROJECT_VERSION = 1;
				GENERATE_INFOPLIST_FILE = YES;
				MACOSX_DEPLOYMENT_TARGET = 15.0;
				MARKETING_VERSION = 0.11.3;
				PRODUCT_BUNDLE_IDENTIFIER = velvetai.MotiveTests;
				PRODUCT_NAME = "$(TARGET_NAME)";
				STRING_CATALOG_GENERATE_SYMBOLS = NO;
				SWIFT_APPROACHABLE_CONCURRENCY = YES;
				SWIFT_EMIT_LOC_STRINGS = NO;
				SWIFT_UPCOMING_FEATURE_MEMBER_IMPORT_VISIBILITY = YES;
				SWIFT_VERSION = 5.0;
				TEST_HOST = "$(BUILT_PRODUCTS_DIR)/Motive.app/$(BUNDLE_EXECUTABLE_FOLDER_PATH)/Motive";
			};
			name = Release;
		};
		A51197FA2F1DE77D00DA1911 /* Debug */ = {
			isa = XCBuildConfiguration;
			buildSettings = {
				CODE_SIGN_STYLE = Automatic;
				CURRENT_PROJECT_VERSION = 1;
				GENERATE_INFOPLIST_FILE = YES;
				MARKETING_VERSION = 0.11.3;
				PRODUCT_BUNDLE_IDENTIFIER = velvetai.MotiveUITests;
				PRODUCT_NAME = "$(TARGET_NAME)";
				STRING_CATALOG_GENERATE_SYMBOLS = NO;
				SWIFT_APPROACHABLE_CONCURRENCY = YES;
				SWIFT_EMIT_LOC_STRINGS = NO;
				SWIFT_UPCOMING_FEATURE_MEMBER_IMPORT_VISIBILITY = YES;
				SWIFT_VERSION = 5.0;
				TEST_TARGET_NAME = Motive;
			};
			name = Debug;
		};
		A51197FB2F1DE77D00DA1911 /* Release */ = {
			isa = XCBuildConfiguration;
			buildSettings = {
				CODE_SIGN_STYLE = Automatic;
				CURRENT_PROJECT_VERSION = 1;
				GENERATE_INFOPLIST_FILE = YES;
				MARKETING_VERSION = 0.11.3;
				PRODUCT_BUNDLE_IDENTIFIER = velvetai.MotiveUITests;
				PRODUCT_NAME = "$(TARGET_NAME)";
				STRING_CATALOG_GENERATE_SYMBOLS = NO;
				SWIFT_APPROACHABLE_CONCURRENCY = YES;
				SWIFT_EMIT_LOC_STRINGS = NO;
				SWIFT_UPCOMING_FEATURE_MEMBER_IMPORT_VISIBILITY = YES;
				SWIFT_VERSION = 5.0;
				TEST_TARGET_NAME = Motive;
			};
			name = Release;
		};
/* End XCBuildConfiguration section */

/* Begin XCConfigurationList section */
		A51197CB2F1DE77C00DA1911 /* Build configuration list for PBXProject "Motive" */ = {
			isa = XCConfigurationList;
			buildConfigurations = (
				A51197F12F1DE77D00DA1911 /* Debug */,
				A51197F22F1DE77D00DA1911 /* Release */,
			);
			defaultConfigurationIsVisible = 0;
			defaultConfigurationName = Release;
		};
		A51197F32F1DE77D00DA1911 /* Build configuration list for PBXNativeTarget "Motive" */ = {
			isa = XCConfigurationList;
			buildConfigurations = (
				A51197F42F1DE77D00DA1911 /* Debug */,
				A51197F52F1DE77D00DA1911 /* Release */,
			);
			defaultConfigurationIsVisible = 0;
			defaultConfigurationName = Release;
		};
		A51197F62F1DE77D00DA1911 /* Build configuration list for PBXNativeTarget "MotiveTests" */ = {
			isa = XCConfigurationList;
			buildConfigurations = (
				A51197F72F1DE77D00DA1911 /* Debug */,
				A51197F82F1DE77D00DA1911 /* Release */,
			);
			defaultConfigurationIsVisible = 0;
			defaultConfigurationName = Release;
		};
		A51197F92F1DE77D00DA1911 /* Build configuration list for PBXNativeTarget "MotiveUITests" */ = {
			isa = XCConfigurationList;
			buildConfigurations = (
				A51197FA2F1DE77D00DA1911 /* Debug */,
				A51197FB2F1DE77D00DA1911 /* Release */,
			);
			defaultConfigurationIsVisible = 0;
			defaultConfigurationName = Release;
		};
/* End XCConfigurationList section */

/* Begin XCRemoteSwiftPackageReference section */
		A5F0C0012F9A1B2C00A1B2C3 /* XCRemoteSwiftPackageReference "swift-markdown-ui" */ = {
			isa = XCRemoteSwiftPackageReference;
			repositoryURL = "https://github.com/gonzalezreal/swift-markdown-ui";
			requirement = {
				kind = upToNextMajorVersion;
				minimumVersion = 2.4.1;
			};
		};
/* End XCRemoteSwiftPackageReference section */

/* Begin XCSwiftPackageProductDependency section */
		A5F0C0022F9A1B2C00A1B2C3 /* MarkdownUI */ = {
			isa = XCSwiftPackageProductDependency;
			package = A5F0C0012F9A1B2C00A1B2C3 /* XCRemoteSwiftPackageReference "swift-markdown-ui" */;
			productName = MarkdownUI;
		};
/* End XCSwiftPackageProductDependency section */
	};
	rootObject = A51197C82F1DE77C00DA1911 /* Project object */;
}
